
Microsoft Visual Studio Solution File, Format Version 12.00
# Visual Studio Version 17
VisualStudioVersion = 17.14.36221.1
MinimumVisualStudioVersion = 10.0.40219.1
Project("{FAE04EC0-301F-11D3-BF4B-00C04F79EFBC}") = "CRUDAPI", "CRUDAPI.csproj", "{E14072A6-2522-45B1-BD33-D3C6D491AFDD}"
EndProject
Project("{FAE04EC0-301F-11D3-BF4B-00C04F79EFBC}") = "CRUDAPI.Tests", "..\CRUDAPI.Tests\CRUDAPI.Tests.csproj", "{dc0dd641-8b7f-4540-bda1-c7e95717f94b}"
EndProject
Global
	GlobalSection(SolutionConfigurationPlatforms) = preSolution
		Debug|Any CPU = Debug|Any CPU
		Release|Any CPU = Release|Any CPU
	EndGlobalSection
	GlobalSection(ProjectConfigurationPlatforms) = postSolution
		{E14072A6-2522-45B1-BD33-D3C6D491AFDD}.Debug|Any CPU.ActiveCfg = Debug|Any CPU
		{E14072A6-2522-45B1-BD33-D3C6D491AFDD}.Debug|Any CPU.Build.0 = Debug|Any CPU
		{E14072A6-2522-45B1-BD33-D3C6D491AFDD}.Release|Any CPU.ActiveCfg = Release|Any CPU
		{E14072A6-2522-45B1-BD33-D3C6D491AFDD}.Release|Any CPU.Build.0 = Release|Any CPU
		{D53CC83D-BDA6-4043-A462-BD36F38A128C}.Debug|Any CPU.ActiveCfg = Debug|Any CPU
		{D53CC83D-BDA6-4043-A462-BD36F38A128C}.Debug|Any CPU.Build.0 = Debug|Any CPU
		{D53CC83D-BDA6-4043-A462-BD36F38A128C}.Release|Any CPU.ActiveCfg = Release|Any CPU
		{D53CC83D-BDA6-4043-A462-BD36F38A128C}.Release|Any CPU.Build.0 = Release|Any CPU
	EndGlobalSection
	GlobalSection(SolutionProperties) = preSolution
		HideSolutionNode = FALSE
	EndGlobalSection
	GlobalSection(ExtensibilityGlobals) = postSolution
		SolutionGuid = {85022B4C-26E5-457B-92D1-A81D493BCF3A}
	EndGlobalSection
EndGlobal
